
Microsoft Visual Studio Solution File, Format Version 12.00
# Visual Studio 15
VisualStudioVersion = 15.0.27428.2037
MinimumVisualStudioVersion = 10.0.40219.1
Project("{9A19103F-16F7-4668-BE54-9A1E7A4F7556}") = "BackendCoreApi", "BackendCoreApi\BackendCoreApi.csproj", "{6A8B8388-A604-4996-A7B0-5866E50DE593}"
EndProject
Project("{FAE04EC0-301F-11D3-BF4B-00C04F79EFBC}") = "ApplicationHealth", "ApplicationHealth\ApplicationHealth.csproj", "{581363EC-2080-4643-BEAC-950AE18E7443}"
EndProject
Project("{FAE04EC0-301F-11D3-BF4B-00C04F79EFBC}") = "BusinessLogic", "BusinessLogic\BusinessLogic.csproj", "{DBC31739-ADD6-48CA-8EB8-26D814BFDE28}"
EndProject
Global
	GlobalSection(SolutionConfigurationPlatforms) = preSolution
		Debug|Any CPU = Debug|Any CPU
		Release|Any CPU = Release|Any CPU
	EndGlobalSection
	GlobalSection(ProjectConfigurationPlatforms) = postSolution
		{6A8B8388-A604-4996-A7B0-5866E50DE593}.Debug|Any CPU.ActiveCfg = Debug|Any CPU
		{6A8B8388-A604-4996-A7B0-5866E50DE593}.Debug|Any CPU.Build.0 = Debug|Any CPU
		{6A8B8388-A604-4996-A7B0-5866E50DE593}.Release|Any CPU.ActiveCfg = Release|Any CPU
		{6A8B8388-A604-4996-A7B0-5866E50DE593}.Release|Any CPU.Build.0 = Release|Any CPU
		{581363EC-2080-4643-BEAC-950AE18E7443}.Debug|Any CPU.ActiveCfg = Debug|Any CPU
		{581363EC-2080-4643-BEAC-950AE18E7443}.Debug|Any CPU.Build.0 = Debug|Any CPU
		{581363EC-2080-4643-BEAC-950AE18E7443}.Release|Any CPU.ActiveCfg = Release|Any CPU
		{581363EC-2080-4643-BEAC-950AE18E7443}.Release|Any CPU.Build.0 = Release|Any CPU
		{DBC31739-ADD6-48CA-8EB8-26D814BFDE28}.Debug|Any CPU.ActiveCfg = Debug|Any CPU
		{DBC31739-ADD6-48CA-8EB8-26D814BFDE28}.Debug|Any CPU.Build.0 = Debug|Any CPU
		{DBC31739-ADD6-48CA-8EB8-26D814BFDE28}.Release|Any CPU.ActiveCfg = Release|Any CPU
		{DBC31739-ADD6-48CA-8EB8-26D814BFDE28}.Release|Any CPU.Build.0 = Release|Any CPU
	EndGlobalSection
	GlobalSection(SolutionProperties) = preSolution
		HideSolutionNode = FALSE
	EndGlobalSection
	GlobalSection(ExtensibilityGlobals) = postSolution
		SolutionGuid = {F703E700-33DF-4748-9E2E-774B95E1128D}
	EndGlobalSection
EndGlobal
